
Microsoft Visual Studio Solution File, Format Version 12.00
# Visual Studio Version 17
VisualStudioVersion = 17.5.2.0
MinimumVisualStudioVersion = 10.0.40219.1
Project("{FAE04EC0-301F-11D3-BF4B-00C04F79EFBC}") = "ForaFin", "ForaFin.csproj", "{A07C0217-F05E-A68E-B887-F7D489E79404}"
EndProject
Project("{FAE04EC0-301F-11D3-BF4B-00C04F79EFBC}") = "ForaFinTest", "..\ForaFinTest\ForaFinTest.csproj", "{350DF5E2-7020-4A48-BDD8-BF4FAC73EE37}"
EndProject
Global
	GlobalSection(SolutionConfigurationPlatforms) = preSolution
		Debug|Any CPU = Debug|Any CPU
		Debug|x64 = Debug|x64
		Debug|x86 = Debug|x86
		Release|Any CPU = Release|Any CPU
		Release|x64 = Release|x64
		Release|x86 = Release|x86
	EndGlobalSection
	GlobalSection(ProjectConfigurationPlatforms) = postSolution
		{A07C0217-F05E-A68E-B887-F7D489E79404}.Debug|Any CPU.ActiveCfg = Debug|Any CPU
		{A07C0217-F05E-A68E-B887-F7D489E79404}.Debug|Any CPU.Build.0 = Debug|Any CPU
		{A07C0217-F05E-A68E-B887-F7D489E79404}.Debug|x64.ActiveCfg = Debug|Any CPU
		{A07C0217-F05E-A68E-B887-F7D489E79404}.Debug|x64.Build.0 = Debug|Any CPU
		{A07C0217-F05E-A68E-B887-F7D489E79404}.Debug|x86.ActiveCfg = Debug|Any CPU
		{A07C0217-F05E-A68E-B887-F7D489E79404}.Debug|x86.Build.0 = Debug|Any CPU
		{A07C0217-F05E-A68E-B887-F7D489E79404}.Release|Any CPU.ActiveCfg = Release|Any CPU
		{A07C0217-F05E-A68E-B887-F7D489E79404}.Release|Any CPU.Build.0 = Release|Any CPU
		{A07C0217-F05E-A68E-B887-F7D489E79404}.Release|x64.ActiveCfg = Release|Any CPU
		{A07C0217-F05E-A68E-B887-F7D489E79404}.Release|x64.Build.0 = Release|Any CPU
		{A07C0217-F05E-A68E-B887-F7D489E79404}.Release|x86.ActiveCfg = Release|Any CPU
		{A07C0217-F05E-A68E-B887-F7D489E79404}.Release|x86.Build.0 = Release|Any CPU
		{350DF5E2-7020-4A48-BDD8-BF4FAC73EE37}.Debug|Any CPU.ActiveCfg = Debug|Any CPU
		{350DF5E2-7020-4A48-BDD8-BF4FAC73EE37}.Debug|Any CPU.Build.0 = Debug|Any CPU
		{350DF5E2-7020-4A48-BDD8-BF4FAC73EE37}.Debug|x64.ActiveCfg = Debug|Any CPU
		{350DF5E2-7020-4A48-BDD8-BF4FAC73EE37}.Debug|x64.Build.0 = Debug|Any CPU
		{350DF5E2-7020-4A48-BDD8-BF4FAC73EE37}.Debug|x86.ActiveCfg = Debug|Any CPU
		{350DF5E2-7020-4A48-BDD8-BF4FAC73EE37}.Debug|x86.Build.0 = Debug|Any CPU
		{350DF5E2-7020-4A48-BDD8-BF4FAC73EE37}.Release|Any CPU.ActiveCfg = Release|Any CPU
		{350DF5E2-7020-4A48-BDD8-BF4FAC73EE37}.Release|Any CPU.Build.0 = Release|Any CPU
		{350DF5E2-7020-4A48-BDD8-BF4FAC73EE37}.Release|x64.ActiveCfg = Release|Any CPU
		{350DF5E2-7020-4A48-BDD8-BF4FAC73EE37}.Release|x64.Build.0 = Release|Any CPU
		{350DF5E2-7020-4A48-BDD8-BF4FAC73EE37}.Release|x86.ActiveCfg = Release|Any CPU
		{350DF5E2-7020-4A48-BDD8-BF4FAC73EE37}.Release|x86.Build.0 = Release|Any CPU
	EndGlobalSection
	GlobalSection(SolutionProperties) = preSolution
		HideSolutionNode = FALSE
	EndGlobalSection
	GlobalSection(ExtensibilityGlobals) = postSolution
		SolutionGuid = {E769FE82-726D-4FD5-8175-606082EC5C0C}
	EndGlobalSection
EndGlobal
